# This file is automatically @generated by Poetry and should not be changed by hand.

[[package]]
name = "pygame"
version = "2.1.3"
description = "Python Game Development"
category = "main"
optional = false
python-versions = ">=3.6"
files = [
    {file = "pygame-2.1.3-cp310-cp310-macosx_10_9_x86_64.whl", hash = "sha256:bfc8a0d863470ec673ff267caaff59b858e967ef78170dc04fc318a7c5f9dd33"},
    {file = "pygame-2.1.3-cp310-cp310-macosx_11_0_arm64.whl", hash = "sha256:64d37dc04a14df9519e2e87611cac6a144c6204365e3fdb0bfb86fa459e32f38"},
    {file = "pygame-2.1.3-cp310-cp310-manylinux_2_17_aarch64.manylinux2014_aarch64.whl", hash = "sha256:ab841fe3a4c703cc021d3bb466a9bf5df41edfa3267c44fff5bd6f47944cd4c3"},
    {file = "pygame-2.1.3-cp310-cp310-win32.whl", hash = "sha256:1924826a32cc49c0d6b2e523f05e2ea608e1ff631ba595a910ddf37a8b38ee77"},
    {file = "pygame-2.1.3-cp310-cp310-win_amd64.whl", hash = "sha256:ba578c5cac85358566de3010b3f3393df3b936b310eba6811abbae5241ec19c0"},
    {file = "pygame-2.1.3-cp311-cp311-macosx_10_9_x86_64.whl", hash = "sha256:cb0493d0f7fa378fccfc65548aec92edeadbde981c964337f11c884432bfaa35"},
    {file = "pygame-2.1.3-cp311-cp311-macosx_11_0_arm64.whl", hash = "sha256:217072e80f470847e121b5c5658f89be35e2c1c3ab23d4126fe80fc64fd34d27"},
    {file = "pygame-2.1.3-cp311-cp311-win32.whl", hash = "sha256:bf1024e516fd3a3948ec45f0ad3b63e69f66c342e4678b2e04a383f735272b8f"},
    {file = "pygame-2.1.3-cp311-cp311-win_amd64.whl", hash = "sha256:e18c6b0fa9e39ad3fe68e48ace92285c026ee70f05bf4dfa54a33fa89f7a0474"},
    {file = "pygame-2.1.3-cp36-cp36m-macosx_10_9_x86_64.whl", hash = "sha256:f71cfb9f161473511543ba8e713f1b34c6b00c70412ecd2d71111da82fe7f062"},
    {file = "pygame-2.1.3-cp36-cp36m-manylinux_2_17_aarch64.manylinux2014_aarch64.whl", hash = "sha256:154a0a0a953006e8ab90353055037b6710e00aa19941e2fbc1b4f0358e1a4882"},
    {file = "pygame-2.1.3-cp36-cp36m-manylinux_2_5_i686.manylinux1_i686.whl", hash = "sha256:2fbbd59b95017824a9b7c3695b13f2df27a64c557c42970a6cad2e26dd5f4f31"},
    {file = "pygame-2.1.3-cp36-cp36m-manylinux_2_5_x86_64.manylinux1_x86_64.whl", hash = "sha256:261fd434d869e1ae285b3ca90112d62c712fde53679e1bce3dfcee79e93f2b06"},
    {file = "pygame-2.1.3-cp36-cp36m-win32.whl", hash = "sha256:1e083351df89cc0f9ce003cff003d420fa0362e9fd00a793c9a68fc8cd0a2e5f"},
    {file = "pygame-2.1.3-cp36-cp36m-win_amd64.whl", hash = "sha256:0b182a6010f16571b1a92e34208ac1e9ad01a725f2fa3c1ad158c4b515ae12de"},
    {file = "pygame-2.1.3-cp37-cp37m-macosx_10_9_x86_64.whl", hash = "sha256:240f920f846150ffb2c217d75cd1005989fbedd007df82949db361934bfa9660"},
    {file = "pygame-2.1.3-cp37-cp37m-manylinux_2_17_aarch64.manylinux2014_aarch64.whl", hash = "sha256:f5760ea0f181c8395bc39fdb50000ce2b77d453ba4c0d98e00303a89af6ae5f0"},
    {file = "pygame-2.1.3-cp37-cp37m-manylinux_2_5_i686.manylinux1_i686.whl", hash = "sha256:b358abc054bf94fede79bb213f7ac9dd8a8737c8ac48a6bb0fa72314c147bd76"},
    {file = "pygame-2.1.3-cp37-cp37m-manylinux_2_5_x86_64.manylinux1_x86_64.whl", hash = "sha256:c9d827fbd093d5d4ef35bd9ec2994535b5f37af15860975be7e59a2d415b51c7"},
    {file = "pygame-2.1.3-cp37-cp37m-win32.whl", hash = "sha256:97b0ec29c9810ca1125df013656e13a89388e5ca72fdd4d900235bceaed30349"},
    {file = "pygame-2.1.3-cp37-cp37m-win_amd64.whl", hash = "sha256:0e8cb75c4cb8ae512e4f3d5410ea64359b049f7825a6e8a9010fdf5c539b8433"},
    {file = "pygame-2.1.3-cp38-cp38-macosx_10_9_x86_64.whl", hash = "sha256:a0420eb1015abb3ebba4d29c1239010eac4d82a36b94659847d18af218293aa4"},
    {file = "pygame-2.1.3-cp38-cp38-macosx_11_0_arm64.whl", hash = "sha256:c473efee52359806d8c0a876f42ccb7ead088e7ae8f5d31e6e43f94793c943ea"},
    {file = "pygame-2.1.3-cp38-cp38-manylinux_2_17_aarch64.manylinux2014_aarch64.whl", hash = "sha256:7cd54e859e1b626c332e254128db30e5d6d33544c10154a1ec7a052cac6a50a4"},
    {file = "pygame-2.1.3-cp38-cp38-manylinux_2_5_i686.manylinux1_i686.whl", hash = "sha256:4908fc837fd9f68b6cfdfeffb99b342c25cf770d76768498dc4c066c2f8b2776"},
    {file = "pygame-2.1.3-cp38-cp38-manylinux_2_5_x86_64.manylinux1_x86_64.whl", hash = "sha256:fa8efe34b13a6bfb37e627c2b28e9967b87cd01de92cd000852e08ef8aed1cf0"},
    {file = "pygame-2.1.3-cp38-cp38-win32.whl", hash = "sha256:867498b0ac20f5c981dcc3ee00262d06b3806b355c632f42c11f5b716ccb2ba1"},
    {file = "pygame-2.1.3-cp38-cp38-win_amd64.whl", hash = "sha256:7b06978de0400276e451cbbbba80cc9566cf5663dbb8518b7ec598078440de06"},
    {file = "pygame-2.1.3-cp39-cp39-macosx_10_9_x86_64.whl", hash = "sha256:565cccf5bf47e2ec577a0c237919aef9da66d075e982d339fae31e37734e02b8"},
    {file = "pygame-2.1.3-cp39-cp39-macosx_11_0_arm64.whl", hash = "sha256:af925800444941cea5e45eb94954e5335006fb1b5d35d996e22b3f616e9e0e8e"},
    {file = "pygame-2.1.3-cp39-cp39-manylinux_2_17_aarch64.manylinux2014_aarch64.whl", hash = "sha256:45cfe97fa4de560d866f53afbf3c61136bfb4114eb585ac4b6c82c278baf2c1c"},
    {file = "pygame-2.1.3-cp39-cp39-manylinux_2_5_i686.manylinux1_i686.whl", hash = "sha256:0745fc99d104c71bf90c70c09a541b7922ba47391e16e9629490722fc1f3e46b"},
    {file = "pygame-2.1.3-cp39-cp39-manylinux_2_5_x86_64.manylinux1_x86_64.whl", hash = "sha256:b0bfcc7359308748edfe277137efd19f21e5b22373f106848d64dc048db22701"},
    {file = "pygame-2.1.3-cp39-cp39-win32.whl", hash = "sha256:df450cc4342d5664accfdd895c5ee380710eaf16942722117c01deab3373bb35"},
    {file = "pygame-2.1.3-cp39-cp39-win_amd64.whl", hash = "sha256:d61bbd7a071d80706fd6337abd96484398dc04b3245e8e5df4e7c99e3676086b"},
    {file = "pygame-2.1.3-pp36-pypy36_pp73-win32.whl", hash = "sha256:8fa2701374d3125084b2fd1f9c6d056e7e0fb8ec655e46a5fa1531b7e419fa69"},
    {file = "pygame-2.1.3-pp37-pypy37_pp73-macosx_10_9_x86_64.whl", hash = "sha256:595b639fab8a1acafe78050ef71668eae0a22fb5efa022b0cd2bce26a15a371d"},
    {file = "pygame-2.1.3-pp38-pypy38_pp73-macosx_10_9_x86_64.whl", hash = "sha256:f9fe7d817ae099f1b1fd0aac7502f7472a3ba18b068efa3dc30b5d293760565a"},
    {file = "pygame-2.1.3-pp39-pypy39_pp73-macosx_10_9_x86_64.whl", hash = "sha256:6d138b15cf378b3755e1e48ea49f0f0406067ada2c176bc6489e70bc836ab72d"},
    {file = "pygame-2.1.3.tar.gz", hash = "sha256:df29c4369df9231eebffac801fa7af021279d7e9dc4c1cae698cc4077c98d069"},
]

[metadata]
lock-version = "2.0"
python-versions = "^3.10"
content-hash = "f0eddea6d194f2fab0670844a937f1e82e0cf2a25d2bf3e05546b32d7d44ec72"
